
Microsoft Visual Studio Solution File, Format Version 12.00
# Visual Studio Version 16
VisualStudioVersion = 16.0.29509.3
MinimumVisualStudioVersion = 10.0.40219.1
Project("{FAE04EC0-301F-11D3-BF4B-00C04F79EFBC}") = "CircusTrein", "CircusTrein.csproj", "{3034FA55-B6B9-4274-82DC-E2D8E467977D}"
EndProject
Project("{FAE04EC0-301F-11D3-BF4B-00C04F79EFBC}") = "Circustrein_Tests", "..\Circustrein_Tests\Circustrein_Tests.csproj", "{F01D4E9F-55E2-4550-9EDB-46135E94C0C1}"
EndProject
Global
	GlobalSection(SolutionConfigurationPlatforms) = preSolution
		Debug|Any CPU = Debug|Any CPU
		Release|Any CPU = Release|Any CPU
	EndGlobalSection
	GlobalSection(ProjectConfigurationPlatforms) = postSolution
		{3034FA55-B6B9-4274-82DC-E2D8E467977D}.Debug|Any CPU.ActiveCfg = Debug|Any CPU
		{3034FA55-B6B9-4274-82DC-E2D8E467977D}.Debug|Any CPU.Build.0 = Debug|Any CPU
		{3034FA55-B6B9-4274-82DC-E2D8E467977D}.Release|Any CPU.ActiveCfg = Release|Any CPU
		{3034FA55-B6B9-4274-82DC-E2D8E467977D}.Release|Any CPU.Build.0 = Release|Any CPU
		{F01D4E9F-55E2-4550-9EDB-46135E94C0C1}.Debug|Any CPU.ActiveCfg = Debug|Any CPU
		{F01D4E9F-55E2-4550-9EDB-46135E94C0C1}.Debug|Any CPU.Build.0 = Debug|Any CPU
		{F01D4E9F-55E2-4550-9EDB-46135E94C0C1}.Release|Any CPU.ActiveCfg = Release|Any CPU
		{F01D4E9F-55E2-4550-9EDB-46135E94C0C1}.Release|Any CPU.Build.0 = Release|Any CPU
	EndGlobalSection
	GlobalSection(SolutionProperties) = preSolution
		HideSolutionNode = FALSE
	EndGlobalSection
	GlobalSection(ExtensibilityGlobals) = postSolution
		SolutionGuid = {702FB527-3279-46C9-874D-4AD1286B58F2}
	EndGlobalSection
EndGlobal
